{
  "name": "eurovelo",
  "lockfileVersion": 3,
  "requires": true,
  "packages": {
    "": {
      "dependencies": {
        "leaflet": "^1.9.3",
        "leaflet-plugins": "^3.4.0"
      }
    },
    "node_modules/leaflet": {
      "version": "1.9.3",
      "resolved": "https://registry.npmjs.org/leaflet/-/leaflet-1.9.3.tgz",
      "integrity": "sha512-iB2cR9vAkDOu5l3HAay2obcUHZ7xwUBBjph8+PGtmW/2lYhbLizWtG7nTeYht36WfOslixQF9D/uSIzhZgGMfQ=="
    },
    "node_modules/leaflet-plugins": {
      "version": "3.4.0",
      "resolved": "https://registry.npmjs.org/leaflet-plugins/-/leaflet-plugins-3.4.0.tgz",
      "integrity": "sha512-CjsQKaW545tNY4JVm4v3WhbFcUa2QzWQQzEysQ0eY/ThYYMqIL5DnQNgcHCvAFZtEwlj7MlTtI7BFuKiNuqyJA=="
    }
  }
}
